PODS:
  - CleverTap-iOS-SDK (7.1.0):
    - SDWebImage (~> 5.11)
  - clevertap_plugin (3.2.0):
    - CleverTap-iOS-SDK (= 7.1.0)
    - Flutter
  - Flutter (1.0.0)
  - SDWebImage (5.21.0):
    - SDWebImage/Core (= 5.21.0)
  - SDWebImage/Core (5.21.0)

DEPENDENCIES:
  - clevertap_plugin (from `.symlinks/plugins/clevertap_plugin/ios`)
  - Flutter (from `Flutter`)

SPEC REPOS:
  trunk:
    - CleverTap-iOS-SDK
    - SDWebImage

EXTERNAL SOURCES:
  clevertap_plugin:
    :path: ".symlinks/plugins/clevertap_plugin/ios"
  Flutter:
    :path: Flutter

SPEC CHECKSUMS:
  CleverTap-iOS-SDK: 571ced90fc6378635db504f9767c62858e2c5286
  clevertap_plugin: 26d665138f812ce40dbd554aaa0d73673980f584
  Flutter: e0871f40cf51350855a761d2e70bf5af5b9b5de7
  SDWebImage: f84b0feeb08d2d11e6a9b843cb06d75ebf5b8868

PODFILE CHECKSUM: 4305caec6b40dde0ae97be1573c53de1882a07e5

COCOAPODS: 1.16.2
